{
  "version": 1,
  "dependencies": {
    "net8.0-windows10.0.17763": {
      "Autofac": {
        "type": "Direct",
        "requested": "[9.0.0, )",
        "resolved": "9.0.0",
        "contentHash": "G8TpUMVIq1pEAMuAao8h5MKduY91SotjgK93wQb5LaxbJUVE0/XjCA6t2SOp+AkPC3GB/C2MAiF2D7krYjraFw==",
        "dependencies": {
          "System.Diagnostics.DiagnosticSource": "10.0.0"
        }
      },
      "Autofac.Extensions.DependencyInjection": {
        "type": "Direct",
        "requested": "[10.0.0, )",
        "resolved": "10.0.0",
        "contentHash": "ZjR/onUlP7BzQ7VBBigQepWLAyAzi3VRGX3pP6sBqkPRiT61fsTZqbTpRUKxo30TMgbs1o3y6bpLbETix4SJog==",
        "dependencies": {
          "Autofac": "8.1.0",
          "Microsoft.Extensions.DependencyInjection.Abstractions": "8.0.1"
        }
      },
      "FlyleafLib": {
        "type": "Direct",
        "requested": "[3.10.4, )",
        "resolved": "3.10.4",
        "contentHash": "lNr/em3PS44UmSwZ9IfCsD4SZYzl58uNwC++fq1lckxvmzk3ofa5YtXkyIJxdGq+s+OmXDU8mi3SEaLFNnua4w==",
        "dependencies": {
          "Flyleaf.FFmpeg.Bindings": "7.1.1",
          "Vortice.D3DCompiler": "3.7.6-beta",
          "Vortice.Direct3D11": "3.7.6-beta",
          "Vortice.DirectComposition": "3.7.6-beta",
          "Vortice.Mathematics": "1.9.3",
          "Vortice.MediaFoundation": "3.7.6-beta",
          "Vortice.XAudio2": "3.7.6-beta"
        }
      },
      "FlyleafLib.Controls.WPF": {
        "type": "Direct",
        "requested": "[1.6.4, )",
        "resolved": "1.6.4",
        "contentHash": "1PESm7gRe2fpsD29gdBa7b6wtdAG7QVOdER5OkfFLLiWxnpvRANLfUGj5oJ9Z3Ke1LX9MoWSw+sKdru9qG+H3g==",
        "dependencies": {
          "Dragablz": "0.0.3.234",
          "FlyleafLib": "3.10.4",
          "MaterialDesignThemes": "5.3.1-ci1146",
          "WpfColorFontDialog": "1.0.8"
        }
      },
      "Konscious.Security.Cryptography.Argon2": {
        "type": "Direct",
        "requested": "[1.3.1, )",
        "resolved": "1.3.1",
        "contentHash": "T+OAGwzYYXftahpOxO7J4xA5K6urxwGnWQf3M+Jpi+76Azv/0T3M5SuN+h7/QvXuiqNw3ZEZ5QqVLI5ygDAylw==",
        "dependencies": {
          "Konscious.Security.Cryptography.Blake2": "1.1.1",
          "System.Memory": "4.5.4"
        }
      },
      "MaterialDesignThemes": {
        "type": "Direct",
        "requested": "[5.3.1-ci1190, )",
        "resolved": "5.3.1-ci1190",
        "contentHash": "273bVXjzQYhjUZ+Gr2m4/Al4dFrarAoNiMyICxx5PxogK8j3b9IgfNhRd3UyCNmylhWseNOwEJ2KVjBVcNkKNA==",
        "dependencies": {
          "MaterialDesignColors": "5.3.1-ci1190",
          "Microsoft.Xaml.Behaviors.Wpf": "1.1.77"
        }
      },
      "Microsoft.Data.Sqlite": {
        "type": "Direct",
        "requested": "[8.0.28, )",
        "resolved": "8.0.28",
        "contentHash": "YM522Q363v0GBq/3xpjWvUALurnwxDoAhhihlYoWhkBQ98XHQxZf01IOwLiUaWFl3PL45PLa4Wbm3FqyijMZGg==",
        "dependencies": {
          "Microsoft.Data.Sqlite.Core": "8.0.28",
          "SQLitePCLRaw.bundle_e_sqlite3": "2.1.6"
        }
      },
      "Microsoft.NET.ILLink.Tasks": {
        "type": "Direct",
        "requested": "[8.0.29, )",
        "resolved": "8.0.29",
        "contentHash": "HSBTfrkIZijz8z3ybLRKB7E8rHk4QQufFwpHa9fc5CMIgRhRzdn4mBGmlyXZqaueiMPtuJcnjresGvSTfaW8Mg=="
      },
      "Microsoft.Xaml.Behaviors.Wpf": {
        "type": "Direct",
        "requested": "[1.1.135, )",
        "resolved": "1.1.135",
        "contentHash": "r8qBEXmQfORso2+MVHnt8PSH4761zJ0SIxgQTSEDVLU97EN2FZdG6/ZCYUPhQy+OrPKgnpYBCAs3PS6Bs7wRsg=="
      },
      "Mono.Posix.NETStandard": {
        "type": "Direct",
        "requested": "[5.20.1-preview, )",
        "resolved": "5.20.1-preview",
        "contentHash": "MXVozCVdwZGXzLhu8BHQ7B5OpMyHAKpnhOc2qS/dkpDoE8gaDxG5+aUL31KGGM3Nz98/0H7642WLhbnlqhA5vg=="
      },
      "Sdcb.FFmpeg.runtime.windows-x64": {
        "type": "Direct",
        "requested": "[7.1.0, )",
        "resolved": "7.1.0",
        "contentHash": "VOG9c8uIKrYFkzSVLEiuEChB/7a6pBJ2KNabMXzXjWwymsHxyUVprQGxm5Rbrurpf1lbPmpOnoqFB2sqKLWeYA=="
      },
      "SQLitePCLRaw.bundle_e_sqlite3": {
        "type": "Direct",
        "requested": "[2.1.12, )",
        "resolved": "2.1.12",
        "contentHash": "mAgscpQMLw5/nfA1Q5oJVAT29yROUo1ifZGbbTpx/lwZpSxMUGoYbKfmvdm8oXER+RzxqBmmQzeBEVKfeHv2nw==",
        "dependencies": {
          "SQLitePCLRaw.lib.e_sqlite3": "2.1.12",
          "SQLitePCLRaw.provider.e_sqlite3": "2.1.12"
        }
      },
      "System.Management": {
        "type": "Direct",
        "requested": "[10.0.1, )",
        "resolved": "10.0.1",
        "contentHash": "/mywt9LtfYM+QbnIPPqdES/qWWU3tkorSDHPX99KYhCTtxdjGFmLcz7QwpAAeBKU0o+rZzEcpKZlrtEr1Xq39g==",
        "dependencies": {
          "System.CodeDom": "10.0.1"
        }
      },
      "Dragablz": {
        "type": "Transitive",
        "resolved": "0.0.3.234",
        "contentHash": "soq8laPTrPWSA3vC3fnfU/gye2VejTbRXTuXzmVoHIySHWe5MhSIqR9KvFRmwk8xglsjVnnaa+su/10cFieuTw=="
      },
      "Flyleaf.FFmpeg.Bindings": {
        "type": "Transitive",
        "resolved": "7.1.1",
        "contentHash": "EU4JLzurif8pkcxq03aARp2fYRAlQVU+Gpn30cjvTXc95NLmag1BbMMkHmiCBegOgnZOPZKt/WIEj8aery8uPA=="
      },
      "Konscious.Security.Cryptography.Blake2": {
        "type": "Transitive",
        "resolved": "1.1.1",
        "contentHash": "odwOyzj/J/lHJZNwFWJGU/LRecBShupAJ2S8TQqZfhUe9niHzu/voBYK5wuVKsvSpzbfupKQYZguVyIk1sgOkQ=="
      },
      "MaterialDesignColors": {
        "type": "Transitive",
        "resolved": "5.3.1-ci1190",
        "contentHash": "i6fKZIDmc1+Lc38JhF+J4jsabe9CmZkFecLoP5dBIe0XzN3cev7frx5IJ5t0xI7zw9HX0VkxRvdwjqyP/xDFUw=="
      },
      "Microsoft.Data.Sqlite.Core": {
        "type": "Transitive",
        "resolved": "8.0.28",
        "contentHash": "tBFB6FTHmKPpNpZbm79asyQ5A84QR81u1co4S3TQMqaN/e8eQHtc7rEZQclWy5HliLzxXz7yEnktKJRa7gQZyw==",
        "dependencies": {
          "SQLitePCLRaw.core": "2.1.6"
        }
      },
      "Microsoft.Extensions.DependencyInjection.Abstractions": {
        "type": "Transitive",
        "resolved": "8.0.1",
        "contentHash": "fGLiCRLMYd00JYpClraLjJTNKLmMJPnqxMaiRzEBIIvevlzxz33mXy39Lkd48hu1G+N21S7QpaO5ZzKsI6FRuA=="
      },
      "SharpGen.Runtime": {
        "type": "Transitive",
        "resolved": "2.4.2-beta",
        "contentHash": "niTtWAUov1F7wZGAlVeEvW+Tnqvg5yTmhI7rxmYu2Utoyu2TbC9tWWpUpMs0PQg5lu5svoYpCAztNjxCqMFP/w==",
        "dependencies": {
          "System.Text.Json": "9.0.1"
        }
      },
      "SharpGen.Runtime.COM": {
        "type": "Transitive",
        "resolved": "2.4.2-beta",
        "contentHash": "9lxDFMiepqo3lJQzMSjECCIONeCc2f3Drokgj6HtrTLZcJSftNgcLbD6/iXYj2iphkwgrZb1oLsDOZxoFZkawQ==",
        "dependencies": {
          "SharpGen.Runtime": "2.4.2-beta",
          "System.Text.Json": "9.0.1"
        }
      },
      "SQLitePCLRaw.core": {
        "type": "Transitive",
        "resolved": "2.1.12",
        "contentHash": "ETpNw9DY3ckWLgRRAeCHj+GKOuPi61aeczkXhgHexUvqoZBAYg8RYESE2J7O1M7+o6QbdSEZwrw9bfqztUVWXg==",
        "dependencies": {
          "System.Memory": "4.5.3"
        }
      },
      "SQLitePCLRaw.lib.e_sqlite3": {
        "type": "Transitive",
        "resolved": "2.1.12",
        "contentHash": "fWi8Dbknuhgg72fWinIdjXVaqO1hHL4YBBwVLnr7e1c9TAZwJ0QE38j9syW1hwx6HaqEVTwI+O07WPdZn8Rp0w=="
      },
      "SQLitePCLRaw.provider.e_sqlite3": {
        "type": "Transitive",
        "resolved": "2.1.12",
        "contentHash": "W3oH4XIfCzFrgUSDKHhN6N+dgzA5YHOR2VxX8GB6Qy7CyrJJgxPEG8NirgYWlPQC5P2jz2knSsexWu4tDUL33g==",
        "dependencies": {
          "SQLitePCLRaw.core": "2.1.12"
        }
      },
      "System.CodeDom": {
        "type": "Transitive",
        "resolved": "10.0.1",
        "contentHash": "owy+NlWSBRNLZO8CZ7IguuaPHHiAivjstTciM7YlXyDDqBY26FMl3F9Nw04n8Dog1JaxFlZiEIEXKPaigRmkNg=="
      },
      "System.Diagnostics.DiagnosticSource": {
        "type": "Transitive",
        "resolved": "10.0.0",
        "contentHash": "0KdBK+h7G13PuOSC2R/DalAoFMvdYMznvGRuICtkdcUMXgl/gYXsG6z4yUvTxHSMACorWgHCU1Faq0KUHU6yAQ=="
      },
      "System.IO.Pipelines": {
        "type": "Transitive",
        "resolved": "9.0.1",
        "contentHash": "uXf5o8eV/gtzDQY4lGROLFMWQvcViKcF8o4Q6KpIOjloAQXrnscQSu6gTxYJMHuNJnh7szIF9AzkaEq+zDLoEg=="
      },
      "System.Memory": {
        "type": "Transitive",
        "resolved": "4.5.4",
        "contentHash": "1MbJTHS1lZ4bS4FmsJjnuGJOu88ZzTT2rLvrhW7Ygic+pC0NWA+3hgAen0HRdsocuQXCkUTdFn9yHJJhsijDXw=="
      },
      "System.Text.Encodings.Web": {
        "type": "Transitive",
        "resolved": "9.0.1",
        "contentHash": "XkspqduP2t1e1x2vBUAD/xZ5ZDvmywuUwsmB93MvyQLospJfqtX0GsR/kU0vUL2h4kmvf777z3txV2W4NrQ9Qg=="
      },
      "System.Text.Json": {
        "type": "Transitive",
        "resolved": "9.0.1",
        "contentHash": "eqWHDZqYPv1PvuvoIIx5pF74plL3iEOZOl/0kQP+Y0TEbtgNnM2W6k8h8EPYs+LTJZsXuWa92n5W5sHTWvE3VA==",
        "dependencies": {
          "System.IO.Pipelines": "9.0.1",
          "System.Text.Encodings.Web": "9.0.1"
        }
      },
      "Vortice.D3DCompiler": {
        "type": "Transitive",
        "resolved": "3.7.6-beta",
        "contentHash": "4xrtZx+5OoE0DcVMbRsRS9HrhgjNVb0A+2xopwgbuXofogNkJ0uPTFGIeovvchnEDMvCvfckp6qy1EZcM/1OyA==",
        "dependencies": {
          "SharpGen.Runtime": "2.4.2-beta",
          "Vortice.DirectX": "3.7.6-beta"
        }
      },
      "Vortice.Direct2D1": {
        "type": "Transitive",
        "resolved": "3.7.6-beta",
        "contentHash": "/TM4VfY0hx0MZWmTT9LiJ6WRwwz/qUsluTkBWUFFJfzTs4mUdawnxkWyGHzspVOwInetCFSUCR2ZCBfT90Jf1g==",
        "dependencies": {
          "SharpGen.Runtime": "2.4.2-beta",
          "Vortice.DXGI": "3.7.6-beta"
        }
      },
      "Vortice.Direct3D11": {
        "type": "Transitive",
        "resolved": "3.7.6-beta",
        "contentHash": "lQwLfslpLsSyIKsrXJkDq+06Evlz1oSQMe+jvidsDl1HxiX8OZqR92ncs+TY9PYBOStE30LYP9A/+auV10ggwg==",
        "dependencies": {
          "SharpGen.Runtime": "2.4.2-beta",
          "Vortice.DXGI": "3.7.6-beta"
        }
      },
      "Vortice.DirectComposition": {
        "type": "Transitive",
        "resolved": "3.7.6-beta",
        "contentHash": "wU0pbXAsGVQd8XPUbMBchhEvuY6sa/uOidvb8pZ7C4QHXznxdUDV24m/OMgTCjJwN+OCWmEb5sJc2/Dy7i12RQ==",
        "dependencies": {
          "SharpGen.Runtime": "2.4.2-beta",
          "Vortice.DXGI": "3.7.6-beta",
          "Vortice.Direct2D1": "3.7.6-beta",
          "Vortice.DirectX": "3.7.6-beta"
        }
      },
      "Vortice.DirectX": {
        "type": "Transitive",
        "resolved": "3.7.6-beta",
        "contentHash": "59M9RYb6aQCRRrWBkxYZZcxtj2F54Ig+/gsMolz4G/NJ0kATB9T4cgm4Afu50X7lsoH6KbpLSUSbf2o81NUGXw==",
        "dependencies": {
          "SharpGen.Runtime": "2.4.2-beta",
          "SharpGen.Runtime.COM": "2.4.2-beta",
          "Vortice.Mathematics": "1.9.3"
        }
      },
      "Vortice.DXGI": {
        "type": "Transitive",
        "resolved": "3.7.6-beta",
        "contentHash": "EmO4F+F9rqH3yWpkkBOK4oBI1lL6j8fdMKNXh24GzgTa7Ud8COFQ1GifZTnwK/n5Km1RnK1olxlGM378V4kZkw==",
        "dependencies": {
          "SharpGen.Runtime": "2.4.2-beta",
          "Vortice.DirectX": "3.7.6-beta"
        }
      },
      "Vortice.Mathematics": {
        "type": "Transitive",
        "resolved": "1.9.3",
        "contentHash": "VzXWjzM4F5pK3gP3m0wv9LqhRrcmQebf+lK/gIPLZ+TPXTptMal74iGkQbivIJm9OwdMZdGOuk1dvwc2iJHUGQ=="
      },
      "Vortice.MediaFoundation": {
        "type": "Transitive",
        "resolved": "3.7.6-beta",
        "contentHash": "Lm75QZ9ePKfJ0JV9OOA+gOzMbCylP3bsY4OTAR/YO4Y+HNqaQdLwUuL+aQZpA+uzwbtxpHqRsjlKY7DXbLnp+A==",
        "dependencies": {
          "SharpGen.Runtime": "2.4.2-beta",
          "Vortice.DirectX": "3.7.6-beta"
        }
      },
      "Vortice.XAudio2": {
        "type": "Transitive",
        "resolved": "3.7.6-beta",
        "contentHash": "g8JddMksoaR+SAnPyhgHQzAsP5zRcKhFLs2Zbf24EvNmHKDMmijgwEzHc9w+eUr+0ZdpoUnJwtE1euwHg9Qwcg==",
        "dependencies": {
          "SharpGen.Runtime": "2.4.2-beta",
          "Vortice.DirectX": "3.7.6-beta"
        }
      },
      "WpfColorFontDialog": {
        "type": "Transitive",
        "resolved": "1.0.8",
        "contentHash": "XkClT52TgzGO4kvYULaHCxfw95qoSJLQVsKT9NGx7ZnFoKIkwAsuDpS8b9e9HVi6rQC2cblznEE+ZqjVecLVYg=="
      }
    },
    "net8.0-windows10.0.17763/win-x64": {
      "Mono.Posix.NETStandard": {
        "type": "Direct",
        "requested": "[5.20.1-preview, )",
        "resolved": "5.20.1-preview",
        "contentHash": "MXVozCVdwZGXzLhu8BHQ7B5OpMyHAKpnhOc2qS/dkpDoE8gaDxG5+aUL31KGGM3Nz98/0H7642WLhbnlqhA5vg=="
      },
      "Sdcb.FFmpeg.runtime.windows-x64": {
        "type": "Direct",
        "requested": "[7.1.0, )",
        "resolved": "7.1.0",
        "contentHash": "VOG9c8uIKrYFkzSVLEiuEChB/7a6pBJ2KNabMXzXjWwymsHxyUVprQGxm5Rbrurpf1lbPmpOnoqFB2sqKLWeYA=="
      },
      "System.Management": {
        "type": "Direct",
        "requested": "[10.0.1, )",
        "resolved": "10.0.1",
        "contentHash": "/mywt9LtfYM+QbnIPPqdES/qWWU3tkorSDHPX99KYhCTtxdjGFmLcz7QwpAAeBKU0o+rZzEcpKZlrtEr1Xq39g==",
        "dependencies": {
          "System.CodeDom": "10.0.1"
        }
      },
      "SQLitePCLRaw.lib.e_sqlite3": {
        "type": "Transitive",
        "resolved": "2.1.12",
        "contentHash": "fWi8Dbknuhgg72fWinIdjXVaqO1hHL4YBBwVLnr7e1c9TAZwJ0QE38j9syW1hwx6HaqEVTwI+O07WPdZn8Rp0w=="
      },
      "System.Text.Encodings.Web": {
        "type": "Transitive",
        "resolved": "9.0.1",
        "contentHash": "XkspqduP2t1e1x2vBUAD/xZ5ZDvmywuUwsmB93MvyQLospJfqtX0GsR/kU0vUL2h4kmvf777z3txV2W4NrQ9Qg=="
      }
    }
  }
}